
Microsoft Visual Studio Solution File, Format Version 12.00
# Visual Studio Version 17
VisualStudioVersion = 17.13.35818.85 d17.13
MinimumVisualStudioVersion = 10.0.40219.1
Project("{FAE04EC0-301F-11D3-BF4B-00C04F79EFBC}") = "tpmodul5_103022300081", "tpmodul5_103022300081\tpmodul5_103022300081.csproj", "{1899A08E-EA0E-4B53-A65A-1212DD823D36}"
EndProject
Global
	GlobalSection(SolutionConfigurationPlatforms) = preSolution
		Debug|Any CPU = Debug|Any CPU
		Release|Any CPU = Release|Any CPU
	EndGlobalSection
	GlobalSection(ProjectConfigurationPlatforms) = postSolution
		{1899A08E-EA0E-4B53-A65A-1212DD823D36}.Debug|Any CPU.ActiveCfg = Debug|Any CPU
		{1899A08E-EA0E-4B53-A65A-1212DD823D36}.Debug|Any CPU.Build.0 = Debug|Any CPU
		{1899A08E-EA0E-4B53-A65A-1212DD823D36}.Release|Any CPU.ActiveCfg = Release|Any CPU
		{1899A08E-EA0E-4B53-A65A-1212DD823D36}.Release|Any CPU.Build.0 = Release|Any CPU
	EndGlobalSection
	GlobalSection(SolutionProperties) = preSolution
		HideSolutionNode = FALSE
	EndGlobalSection
	GlobalSection(ExtensibilityGlobals) = postSolution
		SolutionGuid = {D7AF7A77-E3FD-4E9D-BDA9-F77AC073FE08}
	EndGlobalSection
EndGlobal
